
Microsoft Visual Studio Solution File, Format Version 12.00
# Visual Studio Version 16
VisualStudioVersion = 16.0.30317.65
MinimumVisualStudioVersion = 10.0.40219.1
Project("{888888A0-9F3D-457C-B088-3A5042F75D52}") = "prot", "prot\prot.pyproj", "{492F2E2E-2FAA-4EA4-BAD3-D0FE6A162E88}"
EndProject
Global
	GlobalSection(SolutionConfigurationPlatforms) = preSolution
		Debug|Any CPU = Debug|Any CPU
		Release|Any CPU = Release|Any CPU
	EndGlobalSection
	GlobalSection(ProjectConfigurationPlatforms) = postSolution
		{492F2E2E-2FAA-4EA4-BAD3-D0FE6A162E88}.Debug|Any CPU.ActiveCfg = Debug|Any CPU
		{492F2E2E-2FAA-4EA4-BAD3-D0FE6A162E88}.Release|Any CPU.ActiveCfg = Release|Any CPU
	EndGlobalSection
	GlobalSection(SolutionProperties) = preSolution
		HideSolutionNode = FALSE
	EndGlobalSection
	GlobalSection(ExtensibilityGlobals) = postSolution
		SolutionGuid = {7FAB8E89-8C38-4B80-B695-299D475CD9B6}
	EndGlobalSection
EndGlobal
